<?xml version="1.0" encoding="utf-8"?>
<Project ToolsVersion="4.0" xmlns="http://schemas.microsoft.com/developer/msbuild/2003">
  <ItemGroup>
    <Filter Include="Source Files">
      <UniqueIdentifier>{4FC737F1-C7A5-4376-A066-2A32D752A2FF}</UniqueIdentifier>
      <Extensions>cpp;c;cc;cxx;def;odl;idl;hpj;bat;asm;asmx</Extensions>
    </Filter>
    <Filter Include="Resource Files">
      <UniqueIdentifier>{67DA6AB6-F800-4c08-8B7A-83BB121AAD01}</UniqueIdentifier>
      <Extensions>rc;ico;cur;bmp;dlg;rc2;rct;bin;rgs;gif;jpg;jpeg;jpe;resx;tiff;tif;png;wav;mfcribbon-ms</Extensions>
    </Filter>
    <Filter Include="Source Files\State">
      <UniqueIdentifier>{38b15e0a-0129-4908-8d16-00b48522a00f}</UniqueIdentifier>
    </Filter>
    <Filter Include="Source Files\Debug">
      <UniqueIdentifier>{40f3d414-d3af-49ae-9a99-0bee875b5e69}</UniqueIdentifier>
    </Filter>
  </ItemGroup>
  <ItemGroup>
    <ClCompile Include="main.cpp">
      <Filter>Source Files</Filter>
    </ClCompile>
    <ClCompile Include="StateManager.cpp">
      <Filter>Source Files\State</Filter>
    </ClCompile>
    <ClCompile Include="BaseState.cpp">
      <Filter>Source Files\State</Filter>
    </ClCompile>
    <ClCompile Include="GameState.cpp">
      <Filter>Source Files\State</Filter>
    </ClCompile>
    <ClCompile Include="Game.cpp">
      <Filter>Source Files</Filter>
    </ClCompile>
    <ClCompile Include="ParticleEmitter.cpp">
      <Filter>Source Files</Filter>
    </ClCompile>
    <ClCompile Include="ApexKeyboard.cpp">
      <Filter>Source Files</Filter>
    </ClCompile>
    <ClCompile Include="ApexDebug.cpp">
      <Filter>Source Files\Debug</Filter>
    </ClCompile>
    <ClCompile Include="CollapsibleElement.cpp">
      <Filter>Source Files\Debug</Filter>
    </ClCompile>
    <ClCompile Include="ApexMouse.cpp">
      <Filter>Source Files</Filter>
    </ClCompile>
    <ClCompile Include="StandardCursor.cpp">
      <Filter>Source Files</Filter>
    </ClCompile>
  </ItemGroup>
  <ItemGroup>
    <ClInclude Include="enumerations.h">
      <Filter>Source Files</Filter>
    </ClInclude>
    <ClInclude Include="StateManager.h">
      <Filter>Source Files\State</Filter>
    </ClInclude>
    <ClInclude Include="BaseState.h">
      <Filter>Source Files\State</Filter>
    </ClInclude>
    <ClInclude Include="GameState.h">
      <Filter>Source Files\State</Filter>
    </ClInclude>
    <ClInclude Include="Game.h">
      <Filter>Source Files</Filter>
    </ClInclude>
    <ClInclude Include="ParticleEmitter.h">
      <Filter>Source Files</Filter>
    </ClInclude>
    <ClInclude Include="ApexKeyboard.h">
      <Filter>Source Files</Filter>
    </ClInclude>
    <ClInclude Include="ApexDebug.h">
      <Filter>Source Files\Debug</Filter>
    </ClInclude>
    <ClInclude Include="CollapsibleElement.h">
      <Filter>Source Files\Debug</Filter>
    </ClInclude>
    <ClInclude Include="ApexMouse.h">
      <Filter>Source Files</Filter>
    </ClInclude>
    <ClInclude Include="StandardCursor.hpp">
      <Filter>Source Files</Filter>
    </ClInclude>
  </ItemGroup>
</Project>