<?xml version="1.0" encoding="utf-8"?>
<Project ToolsVersion="4.0" xmlns="http://schemas.microsoft.com/developer/msbuild/2003">
  <ItemGroup>
    <Filter Include="Source Files">
      <UniqueIdentifier>{4FC737F1-C7A5-4376-A066-2A32D752A2FF}</UniqueIdentifier>
      <Extensions>cpp;c;cc;cxx;def;odl;idl;hpj;bat;asm;asmx</Extensions>
    </Filter>
    <Filter Include="Resource Files">
      <UniqueIdentifier>{67DA6AB6-F800-4c08-8B7A-83BB121AAD01}</UniqueIdentifier>
      <Extensions>rc;ico;cur;bmp;dlg;rc2;rct;bin;rgs;gif;jpg;jpeg;jpe;resx;tiff;tif;png;wav;mfcribbon-ms</Extensions>
    </Filter>
    <Filter Include="Source Files\State">
      <UniqueIdentifier>{38b15e0a-0129-4908-8d16-00b48522a00f}</UniqueIdentifier>
    </Filter>
    <Filter Include="Source Files\Debug">
      <UniqueIdentifier>{40f3d414-d3af-49ae-9a99-0bee875b5e69}</UniqueIdentifier>
    </Filter>
    <Filter Include="Source Files\Level">
      <UniqueIdentifier>{f20e7422-11ff-47c8-ad95-991c9822e0ca}</UniqueIdentifier>
    </Filter>
    <Filter Include="Source Files\IO">
      <UniqueIdentifier>{05ce6e50-94cd-4322-8a65-e222accc2e3b}</UniqueIdentifier>
    </Filter>
    <Filter Include="Source Files\Graphics">
      <UniqueIdentifier>{df87255f-0a20-472a-9335-be4a536bd0a9}</UniqueIdentifier>
    </Filter>
    <Filter Include="Source Files\Physics">
      <UniqueIdentifier>{a1f708e7-235e-4a7a-8902-2b49ddf5be15}</UniqueIdentifier>
    </Filter>
    <Filter Include="Source Files\Level\Entity">
      <UniqueIdentifier>{1e5450f4-035c-4628-a931-76b3983fdc76}</UniqueIdentifier>
    </Filter>
    <Filter Include="Source Files\Graphics\Particle">
      <UniqueIdentifier>{697db4f6-c402-4d6e-83a2-918b194af416}</UniqueIdentifier>
    </Filter>
    <Filter Include="Source Files\Level\Entity\Mob">
      <UniqueIdentifier>{f3b5191d-91b5-46ff-b6c9-7c11f63b1405}</UniqueIdentifier>
    </Filter>
    <Filter Include="Source Files\Graphics\Transition">
      <UniqueIdentifier>{4d048fdd-68da-4fae-bee8-b1d02f64a4fe}</UniqueIdentifier>
    </Filter>
    <Filter Include="Source Files\Level\Entity\Weapon">
      <UniqueIdentifier>{00a1836c-0490-42bf-902d-1e022d6a1f54}</UniqueIdentifier>
    </Filter>
    <Filter Include="Source Files\Level\World">
      <UniqueIdentifier>{7106c2a4-e6b5-4854-b717-ef7f30fc5ee8}</UniqueIdentifier>
    </Filter>
  </ItemGroup>
  <ItemGroup>
    <ClCompile Include="src\ApexMain.cpp">
      <Filter>Source Files</Filter>
    </ClCompile>
    <ClCompile Include="src\main.cpp">
      <Filter>Source Files</Filter>
    </ClCompile>
    <ClCompile Include="src\ApexParticle.cpp">
      <Filter>Source Files\Graphics\Particle</Filter>
    </ClCompile>
    <ClCompile Include="src\ApexParticleManager.cpp">
      <Filter>Source Files\Graphics\Particle</Filter>
    </ClCompile>
    <ClCompile Include="src\ApexDebug.cpp">
      <Filter>Source Files\Debug</Filter>
    </ClCompile>
    <ClCompile Include="src\ApexDebugDraw.cpp">
      <Filter>Source Files\Debug</Filter>
    </ClCompile>
    <ClCompile Include="src\ApexKeyListener.cpp">
      <Filter>Source Files\IO</Filter>
    </ClCompile>
    <ClCompile Include="src\ApexKeyboard.cpp">
      <Filter>Source Files\IO</Filter>
    </ClCompile>
    <ClCompile Include="src\ApexButton.cpp">
      <Filter>Source Files\Graphics</Filter>
    </ClCompile>
    <ClCompile Include="src\ApexButtonList.cpp">
      <Filter>Source Files\Graphics</Filter>
    </ClCompile>
    <ClCompile Include="src\ApexMouseListener.cpp">
      <Filter>Source Files\IO</Filter>
    </ClCompile>
    <ClCompile Include="src\ApexMouse.cpp">
      <Filter>Source Files\IO</Filter>
    </ClCompile>
    <ClCompile Include="src\ApexContactListener.cpp">
      <Filter>Source Files\Physics</Filter>
    </ClCompile>
    <ClCompile Include="src\ApexWindowListener.cpp">
      <Filter>Source Files\IO</Filter>
    </ClCompile>
    <ClCompile Include="src\ApexAudio.cpp">
      <Filter>Source Files\IO</Filter>
    </ClCompile>
    <ClCompile Include="src\AmmoDrop.cpp">
      <Filter>Source Files\Level\World</Filter>
    </ClCompile>
    <ClCompile Include="src\World.cpp">
      <Filter>Source Files\Level\World</Filter>
    </ClCompile>
    <ClCompile Include="src\Tile.cpp">
      <Filter>Source Files\Level\World</Filter>
    </ClCompile>
    <ClCompile Include="src\Map.cpp">
      <Filter>Source Files\Level\World</Filter>
    </ClCompile>
    <ClCompile Include="src\Layer.cpp">
      <Filter>Source Files\Level\World</Filter>
    </ClCompile>
    <ClCompile Include="src\StateManager.cpp">
      <Filter>Source Files\State</Filter>
    </ClCompile>
    <ClCompile Include="src\MainMenuState.cpp">
      <Filter>Source Files\State</Filter>
    </ClCompile>
    <ClCompile Include="src\LoadingState.cpp">
      <Filter>Source Files\State</Filter>
    </ClCompile>
    <ClCompile Include="src\GameState.cpp">
      <Filter>Source Files\State</Filter>
    </ClCompile>
    <ClCompile Include="src\BaseState.cpp">
      <Filter>Source Files\State</Filter>
    </ClCompile>
    <ClCompile Include="src\ApexSpriteSheet.cpp">
      <Filter>Source Files\Graphics</Filter>
    </ClCompile>
    <ClCompile Include="src\ApexPauseScreen.cpp">
      <Filter>Source Files\Level</Filter>
    </ClCompile>
    <ClCompile Include="src\Mob.cpp">
      <Filter>Source Files\Level\Entity\Mob</Filter>
    </ClCompile>
    <ClCompile Include="src\Player.cpp">
      <Filter>Source Files\Level\Entity\Mob</Filter>
    </ClCompile>
    <ClCompile Include="src\Sheep.cpp">
      <Filter>Source Files\Level\Entity\Mob</Filter>
    </ClCompile>
    <ClCompile Include="src\ApexNPC.cpp">
      <Filter>Source Files\Level\Entity\Mob</Filter>
    </ClCompile>
    <ClCompile Include="src\Entity.cpp">
      <Filter>Source Files\Level\Entity</Filter>
    </ClCompile>
    <ClCompile Include="src\Coin.cpp">
      <Filter>Source Files\Level\Entity</Filter>
    </ClCompile>
    <ClCompile Include="src\Bullet.cpp">
      <Filter>Source Files\Level\Entity\Weapon</Filter>
    </ClCompile>
    <ClCompile Include="src\BulletManager.cpp">
      <Filter>Source Files\Level\Entity\Weapon</Filter>
    </ClCompile>
    <ClCompile Include="src\Gun.cpp">
      <Filter>Source Files\Level\Entity\Weapon</Filter>
    </ClCompile>
    <ClCompile Include="src\Projectile.cpp">
      <Filter>Source Files\Level\Entity\Weapon</Filter>
    </ClCompile>
    <ClCompile Include="src\PhysicsActorManager.cpp">
      <Filter>Source Files\Physics</Filter>
    </ClCompile>
    <ClCompile Include="src\PhysicsActor.cpp">
      <Filter>Source Files\Physics</Filter>
    </ClCompile>
    <ClCompile Include="src\ApexSlider.cpp">
      <Filter>Source Files\Graphics</Filter>
    </ClCompile>
    <ClCompile Include="src\TextureManager.cpp">
      <Filter>Source Files\Graphics</Filter>
    </ClCompile>
    <ClCompile Include="src\LightManager.cpp">
      <Filter>Source Files\Graphics</Filter>
    </ClCompile>
    <ClCompile Include="src\CollapsibleElement.cpp">
      <Filter>Source Files\Graphics</Filter>
    </ClCompile>
    <ClCompile Include="src\ApexTransition.cpp">
      <Filter>Source Files\Graphics\Transition</Filter>
    </ClCompile>
    <ClCompile Include="src\ColorTransition.cpp">
      <Filter>Source Files\Graphics\Transition</Filter>
    </ClCompile>
    <ClCompile Include="src\FloatTransition.cpp">
      <Filter>Source Files\Graphics\Transition</Filter>
    </ClCompile>
    <ClCompile Include="src\TransformableTransition.cpp">
      <Filter>Source Files\Graphics\Transition</Filter>
    </ClCompile>
    <ClCompile Include="src\ParticleEmitter.cpp">
      <Filter>Source Files\Graphics\Particle</Filter>
    </ClCompile>
    <ClCompile Include="src\IntTransition.cpp">
      <Filter>Source Files\Graphics\Transition</Filter>
    </ClCompile>
    <ClCompile Include="src\HUD.cpp">
      <Filter>Source Files\Graphics</Filter>
    </ClCompile>
    <ClCompile Include="src\Item.cpp">
      <Filter>Source Files\Level\Entity</Filter>
    </ClCompile>
    <ClCompile Include="src\Minimap.cpp">
      <Filter>Source Files\Level</Filter>
    </ClCompile>
    <ClCompile Include="src\DustParticle.cpp">
      <Filter>Source Files\Graphics\Particle</Filter>
    </ClCompile>
    <ClCompile Include="src\Camera.cpp">
      <Filter>Source Files\Level</Filter>
    </ClCompile>
    <ClCompile Include="src\Vector2fTransition.cpp">
      <Filter>Source Files\Graphics\Transition</Filter>
    </ClCompile>
    <ClCompile Include="src\Bed.cpp">
      <Filter>Source Files\Level\Entity</Filter>
    </ClCompile>
  </ItemGroup>
  <ItemGroup>
    <ClInclude Include="src\ApexMain.h">
      <Filter>Source Files</Filter>
    </ClInclude>
    <ClInclude Include="src\ApexMath.h">
      <Filter>Source Files</Filter>
    </ClInclude>
    <ClInclude Include="src\enumerations.h">
      <Filter>Source Files</Filter>
    </ClInclude>
    <ClInclude Include="src\logo.h">
      <Filter>Source Files</Filter>
    </ClInclude>
    <ClInclude Include="src\ApexParticleManager.h">
      <Filter>Source Files\Graphics\Particle</Filter>
    </ClInclude>
    <ClInclude Include="src\ApexParticle.h">
      <Filter>Source Files\Graphics\Particle</Filter>
    </ClInclude>
    <ClInclude Include="src\ApexDebugDraw.h">
      <Filter>Source Files\Debug</Filter>
    </ClInclude>
    <ClInclude Include="src\ApexDebug.h">
      <Filter>Source Files\Debug</Filter>
    </ClInclude>
    <ClInclude Include="src\ApexKeyListener.h">
      <Filter>Source Files\IO</Filter>
    </ClInclude>
    <ClInclude Include="src\ApexKeyboard.h">
      <Filter>Source Files\IO</Filter>
    </ClInclude>
    <ClInclude Include="src\ApexButton.h">
      <Filter>Source Files\Graphics</Filter>
    </ClInclude>
    <ClInclude Include="src\ApexButtonList.h">
      <Filter>Source Files\Graphics</Filter>
    </ClInclude>
    <ClInclude Include="src\ApexMouse.h">
      <Filter>Source Files\IO</Filter>
    </ClInclude>
    <ClInclude Include="src\ApexMouseListener.h">
      <Filter>Source Files\IO</Filter>
    </ClInclude>
    <ClInclude Include="src\ApexContactListener.h">
      <Filter>Source Files\Physics</Filter>
    </ClInclude>
    <ClInclude Include="src\ApexWindowListener.h">
      <Filter>Source Files\IO</Filter>
    </ClInclude>
    <ClInclude Include="src\ApexAudio.h">
      <Filter>Source Files\IO</Filter>
    </ClInclude>
    <ClInclude Include="src\AmmoDrop.h">
      <Filter>Source Files\Level\World</Filter>
    </ClInclude>
    <ClInclude Include="src\World.h">
      <Filter>Source Files\Level\World</Filter>
    </ClInclude>
    <ClInclude Include="src\Tile.h">
      <Filter>Source Files\Level\World</Filter>
    </ClInclude>
    <ClInclude Include="src\Map.h">
      <Filter>Source Files\Level\World</Filter>
    </ClInclude>
    <ClInclude Include="src\Layer.h">
      <Filter>Source Files\Level\World</Filter>
    </ClInclude>
    <ClInclude Include="src\StateManager.h">
      <Filter>Source Files\State</Filter>
    </ClInclude>
    <ClInclude Include="src\MainMenuState.h">
      <Filter>Source Files\State</Filter>
    </ClInclude>
    <ClInclude Include="src\LoadingState.h">
      <Filter>Source Files\State</Filter>
    </ClInclude>
    <ClInclude Include="src\GameState.h">
      <Filter>Source Files\State</Filter>
    </ClInclude>
    <ClInclude Include="src\BaseState.h">
      <Filter>Source Files\State</Filter>
    </ClInclude>
    <ClInclude Include="src\ApexSpriteSheet.h">
      <Filter>Source Files\Graphics</Filter>
    </ClInclude>
    <ClInclude Include="src\ApexPauseScreen.h">
      <Filter>Source Files\Level</Filter>
    </ClInclude>
    <ClInclude Include="src\Mob.h">
      <Filter>Source Files\Level\Entity\Mob</Filter>
    </ClInclude>
    <ClInclude Include="src\Player.h">
      <Filter>Source Files\Level\Entity\Mob</Filter>
    </ClInclude>
    <ClInclude Include="src\Sheep.h">
      <Filter>Source Files\Level\Entity\Mob</Filter>
    </ClInclude>
    <ClInclude Include="src\ApexNPC.h">
      <Filter>Source Files\Level\Entity\Mob</Filter>
    </ClInclude>
    <ClInclude Include="src\Entity.h">
      <Filter>Source Files\Level\Entity</Filter>
    </ClInclude>
    <ClInclude Include="src\Coin.h">
      <Filter>Source Files\Level\Entity</Filter>
    </ClInclude>
    <ClInclude Include="src\Bullet.h">
      <Filter>Source Files\Level\Entity\Weapon</Filter>
    </ClInclude>
    <ClInclude Include="src\BulletManager.h">
      <Filter>Source Files\Level\Entity\Weapon</Filter>
    </ClInclude>
    <ClInclude Include="src\Gun.h">
      <Filter>Source Files\Level\Entity\Weapon</Filter>
    </ClInclude>
    <ClInclude Include="src\Projectile.h">
      <Filter>Source Files\Level\Entity\Weapon</Filter>
    </ClInclude>
    <ClInclude Include="src\PhysicsActorManager.h">
      <Filter>Source Files\Physics</Filter>
    </ClInclude>
    <ClInclude Include="src\PhysicsActor.h">
      <Filter>Source Files\Physics</Filter>
    </ClInclude>
    <ClInclude Include="src\ApexSlider.h">
      <Filter>Source Files\Graphics</Filter>
    </ClInclude>
    <ClInclude Include="src\TextureManager.h">
      <Filter>Source Files\Graphics</Filter>
    </ClInclude>
    <ClInclude Include="src\LightManager.h">
      <Filter>Source Files\Graphics</Filter>
    </ClInclude>
    <ClInclude Include="src\CollapsibleElement.h">
      <Filter>Source Files\Graphics</Filter>
    </ClInclude>
    <ClInclude Include="src\ApexTransition.h">
      <Filter>Source Files\Graphics\Transition</Filter>
    </ClInclude>
    <ClInclude Include="src\ColorTransition.h">
      <Filter>Source Files\Graphics\Transition</Filter>
    </ClInclude>
    <ClInclude Include="src\FloatTransition.h">
      <Filter>Source Files\Graphics\Transition</Filter>
    </ClInclude>
    <ClInclude Include="src\TransformableTransition.h">
      <Filter>Source Files\Graphics\Transition</Filter>
    </ClInclude>
    <ClInclude Include="src\ParticleEmitter.h">
      <Filter>Source Files\Graphics\Particle</Filter>
    </ClInclude>
    <ClInclude Include="src\Interactable.h">
      <Filter>Source Files\Level</Filter>
    </ClInclude>
    <ClInclude Include="src\IntTransition.h">
      <Filter>Source Files\Graphics\Transition</Filter>
    </ClInclude>
    <ClInclude Include="src\HUD.h">
      <Filter>Source Files\Graphics</Filter>
    </ClInclude>
    <ClInclude Include="src\Item.h">
      <Filter>Source Files\Level\Entity</Filter>
    </ClInclude>
    <ClInclude Include="src\Minimap.h">
      <Filter>Source Files\Level</Filter>
    </ClInclude>
    <ClInclude Include="src\TileSet.h">
      <Filter>Source Files\Level</Filter>
    </ClInclude>
    <ClInclude Include="src\DustParticle.h">
      <Filter>Source Files\Graphics\Particle</Filter>
    </ClInclude>
    <ClInclude Include="src\Camera.h">
      <Filter>Source Files\Level</Filter>
    </ClInclude>
    <ClInclude Include="src\Vector2fTransition.h">
      <Filter>Source Files\Graphics\Transition</Filter>
    </ClInclude>
    <ClInclude Include="resource.h" />
    <ClInclude Include="src\Bed.h">
      <Filter>Source Files\Level\Entity</Filter>
    </ClInclude>
  </ItemGroup>
  <ItemGroup>
    <None Include="resources\level\00\tiles.json" />
  </ItemGroup>
</Project>