<?xml version="1.0" encoding="utf-8"?>
<Project ToolsVersion="4.0" xmlns="http://schemas.microsoft.com/developer/msbuild/2003">
  <ItemGroup>
    <Filter Include="Source Files">
      <UniqueIdentifier>{4FC737F1-C7A5-4376-A066-2A32D752A2FF}</UniqueIdentifier>
      <Extensions>cpp;c;cc;cxx;def;odl;idl;hpj;bat;asm;asmx</Extensions>
    </Filter>
    <Filter Include="Resource Files">
      <UniqueIdentifier>{67DA6AB6-F800-4c08-8B7A-83BB121AAD01}</UniqueIdentifier>
      <Extensions>rc;ico;cur;bmp;dlg;rc2;rct;bin;rgs;gif;jpg;jpeg;jpe;resx;tiff;tif;png;wav;mfcribbon-ms</Extensions>
    </Filter>
    <Filter Include="Source Files\State">
      <UniqueIdentifier>{38b15e0a-0129-4908-8d16-00b48522a00f}</UniqueIdentifier>
    </Filter>
    <Filter Include="Source Files\Debug">
      <UniqueIdentifier>{40f3d414-d3af-49ae-9a99-0bee875b5e69}</UniqueIdentifier>
    </Filter>
    <Filter Include="Source Files\Level">
      <UniqueIdentifier>{f20e7422-11ff-47c8-ad95-991c9822e0ca}</UniqueIdentifier>
    </Filter>
    <Filter Include="Source Files\IO">
      <UniqueIdentifier>{05ce6e50-94cd-4322-8a65-e222accc2e3b}</UniqueIdentifier>
    </Filter>
    <Filter Include="Source Files\Level\Physics">
      <UniqueIdentifier>{6734c281-0165-4616-bf42-f8ab34a63391}</UniqueIdentifier>
    </Filter>
    <Filter Include="Source Files\Level\Weapon">
      <UniqueIdentifier>{00a1836c-0490-42bf-902d-1e022d6a1f54}</UniqueIdentifier>
    </Filter>
  </ItemGroup>
  <ItemGroup>
    <ClCompile Include="main.cpp">
      <Filter>Source Files</Filter>
    </ClCompile>
    <ClCompile Include="StateManager.cpp">
      <Filter>Source Files\State</Filter>
    </ClCompile>
    <ClCompile Include="BaseState.cpp">
      <Filter>Source Files\State</Filter>
    </ClCompile>
    <ClCompile Include="GameState.cpp">
      <Filter>Source Files\State</Filter>
    </ClCompile>
    <ClCompile Include="Game.cpp">
      <Filter>Source Files</Filter>
    </ClCompile>
    <ClCompile Include="ParticleEmitter.cpp">
      <Filter>Source Files</Filter>
    </ClCompile>
    <ClCompile Include="ApexDebug.cpp">
      <Filter>Source Files\Debug</Filter>
    </ClCompile>
    <ClCompile Include="CollapsibleElement.cpp">
      <Filter>Source Files\Debug</Filter>
    </ClCompile>
    <ClCompile Include="Entity.cpp">
      <Filter>Source Files\Level</Filter>
    </ClCompile>
    <ClCompile Include="ApexAudio.cpp">
      <Filter>Source Files\IO</Filter>
    </ClCompile>
    <ClCompile Include="ApexKeyboard.cpp">
      <Filter>Source Files\IO</Filter>
    </ClCompile>
    <ClCompile Include="ApexMouse.cpp">
      <Filter>Source Files\IO</Filter>
    </ClCompile>
    <ClCompile Include="ApexCursor.cpp">
      <Filter>Source Files\IO</Filter>
    </ClCompile>
    <ClCompile Include="Player.cpp">
      <Filter>Source Files\Level</Filter>
    </ClCompile>
    <ClCompile Include="Level.cpp">
      <Filter>Source Files\Level</Filter>
    </ClCompile>
    <ClCompile Include="Map.cpp">
      <Filter>Source Files\Level</Filter>
    </ClCompile>
    <ClCompile Include="Layer.cpp">
      <Filter>Source Files\Level</Filter>
    </ClCompile>
    <ClCompile Include="PhysicsActor.cpp">
      <Filter>Source Files\Level\Physics</Filter>
    </ClCompile>
    <ClCompile Include="Fixture.cpp">
      <Filter>Source Files\Level\Physics</Filter>
    </ClCompile>
    <ClCompile Include="KeyListener.cpp">
      <Filter>Source Files\IO</Filter>
    </ClCompile>
    <ClCompile Include="PhysicsActorManager.cpp">
      <Filter>Source Files\Level\Physics</Filter>
    </ClCompile>
    <ClCompile Include="BoxFixture.cpp">
      <Filter>Source Files\Level\Physics</Filter>
    </ClCompile>
    <ClCompile Include="CircleFixture.cpp">
      <Filter>Source Files\Level\Physics</Filter>
    </ClCompile>
    <ClCompile Include="Bullet.cpp">
      <Filter>Source Files\Level\Weapon</Filter>
    </ClCompile>
    <ClCompile Include="BulletManager.cpp">
      <Filter>Source Files\Level\Weapon</Filter>
    </ClCompile>
    <ClCompile Include="Gun.cpp">
      <Filter>Source Files\Level\Weapon</Filter>
    </ClCompile>
    <ClCompile Include="Projectile.cpp">
      <Filter>Source Files\Level\Weapon</Filter>
    </ClCompile>
  </ItemGroup>
  <ItemGroup>
    <ClInclude Include="enumerations.h">
      <Filter>Source Files</Filter>
    </ClInclude>
    <ClInclude Include="StateManager.h">
      <Filter>Source Files\State</Filter>
    </ClInclude>
    <ClInclude Include="BaseState.h">
      <Filter>Source Files\State</Filter>
    </ClInclude>
    <ClInclude Include="GameState.h">
      <Filter>Source Files\State</Filter>
    </ClInclude>
    <ClInclude Include="Game.h">
      <Filter>Source Files</Filter>
    </ClInclude>
    <ClInclude Include="ParticleEmitter.h">
      <Filter>Source Files</Filter>
    </ClInclude>
    <ClInclude Include="ApexDebug.h">
      <Filter>Source Files\Debug</Filter>
    </ClInclude>
    <ClInclude Include="CollapsibleElement.h">
      <Filter>Source Files\Debug</Filter>
    </ClInclude>
    <ClInclude Include="Entity.h">
      <Filter>Source Files\Level</Filter>
    </ClInclude>
    <ClInclude Include="ApexAudio.h">
      <Filter>Source Files\IO</Filter>
    </ClInclude>
    <ClInclude Include="ApexKeyboard.h">
      <Filter>Source Files\IO</Filter>
    </ClInclude>
    <ClInclude Include="ApexMouse.h">
      <Filter>Source Files\IO</Filter>
    </ClInclude>
    <ClInclude Include="ApexCursor.h">
      <Filter>Source Files\IO</Filter>
    </ClInclude>
    <ClInclude Include="Player.h">
      <Filter>Source Files\Level</Filter>
    </ClInclude>
    <ClInclude Include="Level.h">
      <Filter>Source Files\Level</Filter>
    </ClInclude>
    <ClInclude Include="logo.h">
      <Filter>Source Files</Filter>
    </ClInclude>
    <ClInclude Include="Map.h">
      <Filter>Source Files\Level</Filter>
    </ClInclude>
    <ClInclude Include="Layer.h">
      <Filter>Source Files\Level</Filter>
    </ClInclude>
    <ClInclude Include="TileSet.h">
      <Filter>Source Files\Level</Filter>
    </ClInclude>
    <ClInclude Include="PhysicsActor.h">
      <Filter>Source Files\Level\Physics</Filter>
    </ClInclude>
    <ClInclude Include="Fixture.h">
      <Filter>Source Files\Level\Physics</Filter>
    </ClInclude>
    <ClInclude Include="KeyListener.h">
      <Filter>Source Files\IO</Filter>
    </ClInclude>
    <ClInclude Include="PhysicsActorManager.h">
      <Filter>Source Files\Level\Physics</Filter>
    </ClInclude>
    <ClInclude Include="BoxFixture.h">
      <Filter>Source Files\Level\Physics</Filter>
    </ClInclude>
    <ClInclude Include="CircleFixture.h">
      <Filter>Source Files\Level\Physics</Filter>
    </ClInclude>
    <ClInclude Include="Bullet.h">
      <Filter>Source Files\Level\Weapon</Filter>
    </ClInclude>
    <ClInclude Include="BulletManager.h">
      <Filter>Source Files\Level\Weapon</Filter>
    </ClInclude>
    <ClInclude Include="Gun.h">
      <Filter>Source Files\Level\Weapon</Filter>
    </ClInclude>
    <ClInclude Include="Projectile.h">
      <Filter>Source Files\Level\Weapon</Filter>
    </ClInclude>
  </ItemGroup>
  <ItemGroup>
    <None Include="resources\level\00\tiles.json" />
  </ItemGroup>
</Project>